
Microsoft Visual Studio Solution File, Format Version 12.00
# Visual Studio Version 17
VisualStudioVersion = 17.4.33205.214
MinimumVisualStudioVersion = 10.0.40219.1
Project("{FAE04EC0-301F-11D3-BF4B-00C04F79EFBC}") = "instrumentBE", "instrumentBE.csproj", "{71AD5BA2-7E01-4A8C-819D-622436B7053F}"
EndProject
Global
	GlobalSection(SolutionConfigurationPlatforms) = preSolution
		Debug|Any CPU = Debug|Any CPU
		Release|Any CPU = Release|Any CPU
	EndGlobalSection
	GlobalSection(ProjectConfigurationPlatforms) = postSolution
		{71AD5BA2-7E01-4A8C-819D-622436B7053F}.Debug|Any CPU.ActiveCfg = Debug|Any CPU
		{71AD5BA2-7E01-4A8C-819D-622436B7053F}.Debug|Any CPU.Build.0 = Debug|Any CPU
		{71AD5BA2-7E01-4A8C-819D-622436B7053F}.Release|Any CPU.ActiveCfg = Release|Any CPU
		{71AD5BA2-7E01-4A8C-819D-622436B7053F}.Release|Any CPU.Build.0 = Release|Any CPU
	EndGlobalSection
	GlobalSection(SolutionProperties) = preSolution
		HideSolutionNode = FALSE
	EndGlobalSection
	GlobalSection(ExtensibilityGlobals) = postSolution
		SolutionGuid = {FF9A9D21-C77D-4E39-82CF-FE56CC5883AD}
	EndGlobalSection
EndGlobal
